lockfileVersion: '9.0'

settings:
  autoInstallPeers: true
  excludeLinksFromLockfile: false

pnpmfileChecksum: tp3fybht3gmmxq5il7v2sw3gbe

importers:

  .:
    dependencies:
      solo-prd-dep:
        specifier: link:../../solo/prd
        version: link:../../solo/prd
    devDependencies:
      poly-test-2:
        specifier: file:../pkg2
        version: file:../pkg2
      solo-dev-dep:
        specifier: link:../../solo/dev
        version: link:../../solo/dev

packages:

  poly-test-2@file:../pkg2:
    resolution: {directory: ../pkg2, type: directory}

snapshots:

  poly-test-2@file:../pkg2:
    dependencies:
      solo-prd-dep: link:../../solo/prd
