lockfileVersion: '9.0'

settings:
  autoInstallPeers: true
  excludeLinksFromLockfile: false

pnpmfileChecksum: foygrongpeiu6qysvwcy4bl3sa

importers:

  .:
    dependencies:
      solo-prd-dep:
        specifier: link:../../solo/prd
        version: link:../../solo/prd
    devDependencies:
      solo-dev-dep:
        specifier: link:../../solo/dev
        version: link:../../solo/dev
